// !$*UTF8*$!
{
	archiveVersion = 1;
	classes = {
	};
	objectVersion = 50;
	objects = {

/* Begin PBXBuildFile section */
		ADAA27B1231BBFAF00365194 /* AppDelegate.swift in Sources */ = {isa = PBXBuildFile; fileRef = ADAA27B0231BBFAF00365194 /* AppDelegate.swift */; };
		ADAA27B3231BBFAF00365194 /* SceneDelegate.swift in Sources */ = {isa = PBXBuildFile; fileRef = ADAA27B2231BBFAF00365194 /* SceneDelegate.swift */; };
		ADAA27B5231BBFAF00365194 /* WeatherViewController.swift in Sources */ = {isa = PBXBuildFile; fileRef = ADAA27B4231BBFAF00365194 /* WeatherViewController.swift */; };
		ADAA27B8231BBFAF00365194 /* Main.storyboard in Resources */ = {isa = PBXBuildFile; fileRef = ADAA27B6231BBFAF00365194 /* Main.storyboard */; };
		ADAA27BA231BBFB300365194 /* Assets.xcassets in Resources */ = {isa = PBXBuildFile; fileRef = ADAA27B9231BBFB300365194 /* Assets.xcassets */; };
		ADAA27BD231BBFB300365194 /* LaunchScreen.storyboard in Resources */ = {isa = PBXBuildFile; fileRef = ADAA27BB231BBFB300365194 /* LaunchScreen.storyboard */; };
		ADAA27CE231BC87F00365194 /* README.md in Resources */ = {isa = PBXBuildFile; fileRef = ADAA27CD231BC87F00365194 /* README.md */; };
		CB102CD12746A7D700D4586D /* WeatherManager .swift in Sources */ = {isa = PBXBuildFile; fileRef = CB102CD02746A7D700D4586D /* WeatherManager .swift */; };
		CB188677274773E200D8D614 /* WeatherData.swift in Sources */ = {isa = PBXBuildFile; fileRef = CB188676274773E200D8D614 /* WeatherData.swift */; };
		CB24886C27B6CBE300BCA7F7 /* WeatherDayCell.swift in Sources */ = {isa = PBXBuildFile; fileRef = CB24886B27B6CBE300BCA7F7 /* WeatherDayCell.swift */; };
		CB3884A127B6C4DC00ACB844 /* WeatherCell.swift in Sources */ = {isa = PBXBuildFile; fileRef = CB38849F27B6C4DC00ACB844 /* WeatherCell.swift */; };
		CB3884A227B6C4DC00ACB844 /* WeatherCell.xib in Resources */ = {isa = PBXBuildFile; fileRef = CB3884A027B6C4DC00ACB844 /* WeatherCell.xib */; };
		CB443E8827B4F28D00599D25 /* WeatherForWeekManager.swift in Sources */ = {isa = PBXBuildFile; fileRef = CB443E8727B4F28D00599D25 /* WeatherForWeekManager.swift */; };
		CB482F7A27B7FB2600B007B4 /* DataExtention.swift in Sources */ = {isa = PBXBuildFile; fileRef = CB482F7927B7FB2600B007B4 /* DataExtention.swift */; };
		CB482F7C27B7FEFF00B007B4 /* UIStackViewExtention.swift in Sources */ = {isa = PBXBuildFile; fileRef = CB482F7B27B7FEFF00B007B4 /* UIStackViewExtention.swift */; };
		CB739EDF27B4D26D00D41574 /* WeatherForWeekData.swift in Sources */ = {isa = PBXBuildFile; fileRef = CB739EDE27B4D26D00D41574 /* WeatherForWeekData.swift */; };
		CBA2AB11274913B400BECAEB /* WeatherModel.swift in Sources */ = {isa = PBXBuildFile; fileRef = CBA2AB10274913B400BECAEB /* WeatherModel.swift */; };
/* End PBXBuildFile section */

/* Begin PBXFileReference section */
		ADAA27AD231BBFAF00365194 /* Clima.app */ = {isa = PBXFileReference; explicitFileType = wrapper.application; includeInIndex = 0; path = Clima.app; sourceTree = BUILT_PRODUCTS_DIR; };
		ADAA27B0231BBFAF00365194 /* AppDelegate.swift */ = {isa = PBXFileReference; lastKnownFileType = sourcecode.swift; path = AppDelegate.swift; sourceTree = "<group>"; };
		ADAA27B2231BBFAF00365194 /* SceneDelegate.swift */ = {isa = PBXFileReference; lastKnownFileType = sourcecode.swift; path = SceneDelegate.swift; sourceTree = "<group>"; };
		ADAA27B4231BBFAF00365194 /* WeatherViewController.swift */ = {isa = PBXFileReference; lastKnownFileType = sourcecode.swift; path = WeatherViewController.swift; sourceTree = "<group>"; };
		ADAA27B7231BBFAF00365194 /* Base */ = {isa = PBXFileReference; lastKnownFileType = file.storyboard; name = Base; path = Base.lproj/Main.storyboard; sourceTree = "<group>"; };
		ADAA27B9231BBFB300365194 /* Assets.xcassets */ = {isa = PBXFileReference; lastKnownFileType = folder.assetcatalog; path = Assets.xcassets; sourceTree = "<group>"; };
		ADAA27BC231BBFB300365194 /* Base */ = {isa = PBXFileReference; lastKnownFileType = file.storyboard; name = Base; path = Base.lproj/LaunchScreen.storyboard; sourceTree = "<group>"; };
		ADAA27BE231BBFB300365194 /* Info.plist */ = {isa = PBXFileReference; lastKnownFileType = text.plist.xml; path = Info.plist; sourceTree = "<group>"; };
		ADAA27CD231BC87F00365194 /* README.md */ = {isa = PBXFileReference; fileEncoding = 4; lastKnownFileType = net.daringfireball.markdown; path = README.md; sourceTree = "<group>"; };
		CB102CD02746A7D700D4586D /* WeatherManager .swift */ = {isa = PBXFileReference; lastKnownFileType = sourcecode.swift; path = "WeatherManager .swift"; sourceTree = "<group>"; };
		CB188676274773E200D8D614 /* WeatherData.swift */ = {isa = PBXFileReference; lastKnownFileType = sourcecode.swift; path = WeatherData.swift; sourceTree = "<group>"; };
		CB24886B27B6CBE300BCA7F7 /* WeatherDayCell.swift */ = {isa = PBXFileReference; lastKnownFileType = sourcecode.swift; path = WeatherDayCell.swift; sourceTree = "<group>"; };
		CB38849F27B6C4DC00ACB844 /* WeatherCell.swift */ = {isa = PBXFileReference; lastKnownFileType = sourcecode.swift; path = WeatherCell.swift; sourceTree = "<group>"; };
		CB3884A027B6C4DC00ACB844 /* WeatherCell.xib */ = {isa = PBXFileReference; lastKnownFileType = file.xib; path = WeatherCell.xib; sourceTree = "<group>"; };
		CB443E8727B4F28D00599D25 /* WeatherForWeekManager.swift */ = {isa = PBXFileReference; fileEncoding = 4; lastKnownFileType = sourcecode.swift; path = WeatherForWeekManager.swift; sourceTree = "<group>"; };
		CB482F7927B7FB2600B007B4 /* DataExtention.swift */ = {isa = PBXFileReference; lastKnownFileType = sourcecode.swift; path = DataExtention.swift; sourceTree = "<group>"; };
		CB482F7B27B7FEFF00B007B4 /* UIStackViewExtention.swift */ = {isa = PBXFileReference; lastKnownFileType = sourcecode.swift; path = UIStackViewExtention.swift; sourceTree = "<group>"; };
		CB739EDE27B4D26D00D41574 /* WeatherForWeekData.swift */ = {isa = PBXFileReference; lastKnownFileType = sourcecode.swift; path = WeatherForWeekData.swift; sourceTree = "<group>"; };
		CBA2AB10274913B400BECAEB /* WeatherModel.swift */ = {isa = PBXFileReference; lastKnownFileType = sourcecode.swift; path = WeatherModel.swift; sourceTree = "<group>"; };
/* End PBXFileReference section */

/* Begin PBXFrameworksBuildPhase section */
		ADAA27AA231BBFAF00365194 /* Frameworks */ = {
			isa = PBXFrameworksBuildPhase;
			buildActionMask = 2147483647;
			files = (
			);
			runOnlyForDeploymentPostprocessing = 0;
		};
/* End PBXFrameworksBuildPhase section */

/* Begin PBXGroup section */
		ADAA27A4231BBFAF00365194 = {
			isa = PBXGroup;
			children = (
				ADAA27CD231BC87F00365194 /* README.md */,
				ADAA27AF231BBFAF00365194 /* Clima */,
				ADAA27AE231BBFAF00365194 /* Products */,
			);
			sourceTree = "<group>";
		};
		ADAA27AE231BBFAF00365194 /* Products */ = {
			isa = PBXGroup;
			children = (
				ADAA27AD231BBFAF00365194 /* Clima.app */,
			);
			name = Products;
			sourceTree = "<group>";
		};
		ADAA27AF231BBFAF00365194 /* Clima */ = {
			isa = PBXGroup;
			children = (
				ADAA27B0231BBFAF00365194 /* AppDelegate.swift */,
				ADAA27B2231BBFAF00365194 /* SceneDelegate.swift */,
				CB482F7927B7FB2600B007B4 /* DataExtention.swift */,
				CB482F7B27B7FEFF00B007B4 /* UIStackViewExtention.swift */,
				CB102CD22746A7DD00D4586D /* Model */,
				ADAA27C9231BC3F200365194 /* View */,
				ADAA27C8231BC3E500365194 /* Controller */,
				ADAA27B9231BBFB300365194 /* Assets.xcassets */,
				ADAA27BB231BBFB300365194 /* LaunchScreen.storyboard */,
				ADAA27BE231BBFB300365194 /* Info.plist */,
			);
			path = Clima;
			sourceTree = "<group>";
		};
		ADAA27C8231BC3E500365194 /* Controller */ = {
			isa = PBXGroup;
			children = (
				ADAA27B4231BBFAF00365194 /* WeatherViewController.swift */,
			);
			path = Controller;
			sourceTree = "<group>";
		};
		ADAA27C9231BC3F200365194 /* View */ = {
			isa = PBXGroup;
			children = (
				ADAA27B6231BBFAF00365194 /* Main.storyboard */,
				CB24886B27B6CBE300BCA7F7 /* WeatherDayCell.swift */,
				CB38849F27B6C4DC00ACB844 /* WeatherCell.swift */,
				CB3884A027B6C4DC00ACB844 /* WeatherCell.xib */,
			);
			path = View;
			sourceTree = "<group>";
		};
		CB102CD22746A7DD00D4586D /* Model */ = {
			isa = PBXGroup;
			children = (
				CB102CD02746A7D700D4586D /* WeatherManager .swift */,
				CB443E8727B4F28D00599D25 /* WeatherForWeekManager.swift */,
				CB739EDE27B4D26D00D41574 /* WeatherForWeekData.swift */,
				CB188676274773E200D8D614 /* WeatherData.swift */,
				CBA2AB10274913B400BECAEB /* WeatherModel.swift */,
			);
			path = Model;
			sourceTree = "<group>";
		};
/* End PBXGroup section */

/* Begin PBXNativeTarget section */
		ADAA27AC231BBFAF00365194 /* Clima */ = {
			isa = PBXNativeTarget;
			buildConfigurationList = ADAA27C1231BBFB300365194 /* Build configuration list for PBXNativeTarget "Clima" */;
			buildPhases = (
				ADAA27A9231BBFAF00365194 /* Sources */,
				ADAA27AA231BBFAF00365194 /* Frameworks */,
				ADAA27AB231BBFAF00365194 /* Resources */,
			);
			buildRules = (
			);
			dependencies = (
			);
			name = Clima;
			productName = Clima;
			productReference = ADAA27AD231BBFAF00365194 /* Clima.app */;
			productType = "com.apple.product-type.application";
		};
/* End PBXNativeTarget section */

/* Begin PBXProject section */
		ADAA27A5231BBFAF00365194 /* Project object */ = {
			isa = PBXProject;
			attributes = {
				LastSwiftUpdateCheck = 1100;
				LastUpgradeCheck = 1100;
				ORGANIZATIONNAME = "App Brewery";
				TargetAttributes = {
					ADAA27AC231BBFAF00365194 = {
						CreatedOnToolsVersion = 11.0;
					};
				};
			};
			buildConfigurationList = ADAA27A8231BBFAF00365194 /* Build configuration list for PBXProject "Clima" */;
			compatibilityVersion = "Xcode 9.3";
			developmentRegion = en;
			hasScannedForEncodings = 0;
			knownRegions = (
				en,
				Base,
			);
			mainGroup = ADAA27A4231BBFAF00365194;
			productRefGroup = ADAA27AE231BBFAF00365194 /* Products */;
			projectDirPath = "";
			projectRoot = "";
			targets = (
				ADAA27AC231BBFAF00365194 /* Clima */,
			);
		};
/* End PBXProject section */

/* Begin PBXResourcesBuildPhase section */
		ADAA27AB231BBFAF00365194 /* Resources */ = {
			isa = PBXResourcesBuildPhase;
			buildActionMask = 2147483647;
			files = (
				ADAA27CE231BC87F00365194 /* README.md in Resources */,
				ADAA27BD231BBFB300365194 /* LaunchScreen.storyboard in Resources */,
				ADAA27BA231BBFB300365194 /* Assets.xcassets in Resources */,
				ADAA27B8231BBFAF00365194 /* Main.storyboard in Resources */,
				CB3884A227B6C4DC00ACB844 /* WeatherCell.xib in Resources */,
			);
			runOnlyForDeploymentPostprocessing = 0;
		};
/* End PBXResourcesBuildPhase section */

/* Begin PBXSourcesBuildPhase section */
		ADAA27A9231BBFAF00365194 /* Sources */ = {
			isa = PBXSourcesBuildPhase;
			buildActionMask = 2147483647;
			files = (
				CB739EDF27B4D26D00D41574 /* WeatherForWeekData.swift in Sources */,
				ADAA27B5231BBFAF00365194 /* WeatherViewController.swift in Sources */,
				CB3884A127B6C4DC00ACB844 /* WeatherCell.swift in Sources */,
				CB188677274773E200D8D614 /* WeatherData.swift in Sources */,
				CB482F7A27B7FB2600B007B4 /* DataExtention.swift in Sources */,
				ADAA27B1231BBFAF00365194 /* AppDelegate.swift in Sources */,
				CB443E8827B4F28D00599D25 /* WeatherForWeekManager.swift in Sources */,
				ADAA27B3231BBFAF00365194 /* SceneDelegate.swift in Sources */,
				CB24886C27B6CBE300BCA7F7 /* WeatherDayCell.swift in Sources */,
				CBA2AB11274913B400BECAEB /* WeatherModel.swift in Sources */,
				CB482F7C27B7FEFF00B007B4 /* UIStackViewExtention.swift in Sources */,
				CB102CD12746A7D700D4586D /* WeatherManager .swift in Sources */,
			);
			runOnlyForDeploymentPostprocessing = 0;
		};
/* End PBXSourcesBuildPhase section */

/* Begin PBXVariantGroup section */
		ADAA27B6231BBFAF00365194 /* Main.storyboard */ = {
			isa = PBXVariantGroup;
			children = (
				ADAA27B7231BBFAF00365194 /* Base */,
			);
			name = Main.storyboard;
			sourceTree = "<group>";
		};
		ADAA27BB231BBFB300365194 /* LaunchScreen.storyboard */ = {
			isa = PBXVariantGroup;
			children = (
				ADAA27BC231BBFB300365194 /* Base */,
			);
			name = LaunchScreen.storyboard;
			sourceTree = "<group>";
		};
/* End PBXVariantGroup section */

/* Begin XCBuildConfiguration section */
		ADAA27BF231BBFB300365194 /* Debug */ = {
			isa = XCBuildConfiguration;
			buildSettings = {
				ALWAYS_SEARCH_USER_PATHS = NO;
				CLANG_ANALYZER_NONNULL = YES;
				CLANG_ANALYZER_NUMBER_OBJECT_CONVERSION = YES_AGGRESSIVE;
				CLANG_CXX_LANGUAGE_STANDARD = "gnu++14";
				CLANG_CXX_LIBRARY = "libc++";
				CLANG_ENABLE_MODULES = YES;
				CLANG_ENABLE_OBJC_ARC = YES;
				CLANG_ENABLE_OBJC_WEAK = YES;
				CLANG_WARN_BLOCK_CAPTURE_AUTORELEASING = YES;
				CLANG_WARN_BOOL_CONVERSION = YES;
				CLANG_WARN_COMMA = YES;
				CLANG_WARN_CONSTANT_CONVERSION = YES;
				CLANG_WARN_DEPRECATED_OBJC_IMPLEMENTATIONS = YES;
				CLANG_WARN_DIRECT_OBJC_ISA_USAGE = YES_ERROR;
				CLANG_WARN_DOCUMENTATION_COMMENTS = YES;
				CLANG_WARN_EMPTY_BODY = YES;
				CLANG_WARN_ENUM_CONVERSION = YES;
				CLANG_WARN_INFINITE_RECURSION = YES;
				CLANG_WARN_INT_CONVERSION = YES;
				CLANG_WARN_NON_LITERAL_NULL_CONVERSION = YES;
				CLANG_WARN_OBJC_IMPLICIT_RETAIN_SELF = YES;
				CLANG_WARN_OBJC_LITERAL_CONVERSION = YES;
				CLANG_WARN_OBJC_ROOT_CLASS = YES_ERROR;
				CLANG_WARN_RANGE_LOOP_ANALYSIS = YES;
				CLANG_WARN_STRICT_PROTOTYPES = YES;
				CLANG_WARN_SUSPICIOUS_MOVE = YES;
				CLANG_WARN_UNGUARDED_AVAILABILITY = YES_AGGRESSIVE;
				CLANG_WARN_UNREACHABLE_CODE = YES;
				CLANG_WARN__DUPLICATE_METHOD_MATCH = YES;
				COPY_PHASE_STRIP = NO;
				DEBUG_INFORMATION_FORMAT = dwarf;
				ENABLE_STRICT_OBJC_MSGSEND = YES;
				ENABLE_TESTABILITY = YES;
				GCC_C_LANGUAGE_STANDARD = gnu11;
				GCC_DYNAMIC_NO_PIC = NO;
				GCC_NO_COMMON_BLOCKS = YES;
				GCC_OPTIMIZATION_LEVEL = 0;
				GCC_PREPROCESSOR_DEFINITIONS = (
					"DEBUG=1",
					"$(inherited)",
				);
				GCC_WARN_64_TO_32_BIT_CONVERSION = YES;
				GCC_WARN_ABOUT_RETURN_TYPE = YES_ERROR;
				GCC_WARN_UNDECLARED_SELECTOR = YES;
				GCC_WARN_UNINITIALIZED_AUTOS = YES_AGGRESSIVE;
				GCC_WARN_UNUSED_FUNCTION = YES;
				GCC_WARN_UNUSED_VARIABLE = YES;
				IPHONEOS_DEPLOYMENT_TARGET = 13.0;
				MTL_ENABLE_DEBUG_INFO = INCLUDE_SOURCE;
				MTL_FAST_MATH = YES;
				ONLY_ACTIVE_ARCH = YES;
				SDKROOT = iphoneos;
				SWIFT_ACTIVE_COMPILATION_CONDITIONS = DEBUG;
				SWIFT_OPTIMIZATION_LEVEL = "-Onone";
			};
			name = Debug;
		};
		ADAA27C0231BBFB300365194 /* Release */ = {
			isa = XCBuildConfiguration;
			buildSettings = {
				ALWAYS_SEARCH_USER_PATHS = NO;
				CLANG_ANALYZER_NONNULL = YES;
				CLANG_ANALYZER_NUMBER_OBJECT_CONVERSION = YES_AGGRESSIVE;
				CLANG_CXX_LANGUAGE_STANDARD = "gnu++14";
				CLANG_CXX_LIBRARY = "libc++";
				CLANG_ENABLE_MODULES = YES;
				CLANG_ENABLE_OBJC_ARC = YES;
				CLANG_ENABLE_OBJC_WEAK = YES;
				CLANG_WARN_BLOCK_CAPTURE_AUTORELEASING = YES;
				CLANG_WARN_BOOL_CONVERSION = YES;
				CLANG_WARN_COMMA = YES;
				CLANG_WARN_CONSTANT_CONVERSION = YES;
				CLANG_WARN_DEPRECATED_OBJC_IMPLEMENTATIONS = YES;
				CLANG_WARN_DIRECT_OBJC_ISA_USAGE = YES_ERROR;
				CLANG_WARN_DOCUMENTATION_COMMENTS = YES;
				CLANG_WARN_EMPTY_BODY = YES;
				CLANG_WARN_ENUM_CONVERSION = YES;
				CLANG_WARN_INFINITE_RECURSION = YES;
				CLANG_WARN_INT_CONVERSION = YES;
				CLANG_WARN_NON_LITERAL_NULL_CONVERSION = YES;
				CLANG_WARN_OBJC_IMPLICIT_RETAIN_SELF = YES;
				CLANG_WARN_OBJC_LITERAL_CONVERSION = YES;
				CLANG_WARN_OBJC_ROOT_CLASS = YES_ERROR;
				CLANG_WARN_RANGE_LOOP_ANALYSIS = YES;
				CLANG_WARN_STRICT_PROTOTYPES = YES;
				CLANG_WARN_SUSPICIOUS_MOVE = YES;
				CLANG_WARN_UNGUARDED_AVAILABILITY = YES_AGGRESSIVE;
				CLANG_WARN_UNREACHABLE_CODE = YES;
				CLANG_WARN__DUPLICATE_METHOD_MATCH = YES;
				COPY_PHASE_STRIP = NO;
				DEBUG_INFORMATION_FORMAT = "dwarf-with-dsym";
				ENABLE_NS_ASSERTIONS = NO;
				ENABLE_STRICT_OBJC_MSGSEND = YES;
				GCC_C_LANGUAGE_STANDARD = gnu11;
				GCC_NO_COMMON_BLOCKS = YES;
				GCC_WARN_64_TO_32_BIT_CONVERSION = YES;
				GCC_WARN_ABOUT_RETURN_TYPE = YES_ERROR;
				GCC_WARN_UNDECLARED_SELECTOR = YES;
				GCC_WARN_UNINITIALIZED_AUTOS = YES_AGGRESSIVE;
				GCC_WARN_UNUSED_FUNCTION = YES;
				GCC_WARN_UNUSED_VARIABLE = YES;
				IPHONEOS_DEPLOYMENT_TARGET = 13.0;
				MTL_ENABLE_DEBUG_INFO = NO;
				MTL_FAST_MATH = YES;
				SDKROOT = iphoneos;
				SWIFT_COMPILATION_MODE = wholemodule;
				SWIFT_OPTIMIZATION_LEVEL = "-O";
				VALIDATE_PRODUCT = YES;
			};
			name = Release;
		};
		ADAA27C2231BBFB300365194 /* Debug */ = {
			isa = XCBuildConfiguration;
			buildSettings = {
				ASSETCATALOG_COMPILER_APPICON_NAME = AppIcon;
				CODE_SIGN_IDENTITY = "Apple Development";
				CODE_SIGN_STYLE = Automatic;
				DEVELOPMENT_TEAM = S65N28FSD8;
				INFOPLIST_FILE = Clima/Info.plist;
				LD_RUNPATH_SEARCH_PATHS = (
					"$(inherited)",
					"@executable_path/Frameworks",
				);
				PRODUCT_BUNDLE_IDENTIFIER = com.Yerke;
				PRODUCT_NAME = "$(TARGET_NAME)";
				PROVISIONING_PROFILE_SPECIFIER = "";
				SWIFT_VERSION = 5.0;
				TARGETED_DEVICE_FAMILY = "1,2";
			};
			name = Debug;
		};
		ADAA27C3231BBFB300365194 /* Release */ = {
			isa = XCBuildConfiguration;
			buildSettings = {
				ASSETCATALOG_COMPILER_APPICON_NAME = AppIcon;
				CODE_SIGN_IDENTITY = "Apple Development";
				CODE_SIGN_STYLE = Automatic;
				DEVELOPMENT_TEAM = S65N28FSD8;
				INFOPLIST_FILE = Clima/Info.plist;
				LD_RUNPATH_SEARCH_PATHS = (
					"$(inherited)",
					"@executable_path/Frameworks",
				);
				PRODUCT_BUNDLE_IDENTIFIER = com.Yerke;
				PRODUCT_NAME = "$(TARGET_NAME)";
				PROVISIONING_PROFILE_SPECIFIER = "";
				SWIFT_VERSION = 5.0;
				TARGETED_DEVICE_FAMILY = "1,2";
			};
			name = Release;
		};
/* End XCBuildConfiguration section */

/* Begin XCConfigurationList section */
		ADAA27A8231BBFAF00365194 /* Build configuration list for PBXProject "Clima" */ = {
			isa = XCConfigurationList;
			buildConfigurations = (
				ADAA27BF231BBFB300365194 /* Debug */,
				ADAA27C0231BBFB300365194 /* Release */,
			);
			defaultConfigurationIsVisible = 0;
			defaultConfigurationName = Release;
		};
		ADAA27C1231BBFB300365194 /* Build configuration list for PBXNativeTarget "Clima" */ = {
			isa = XCConfigurationList;
			buildConfigurations = (
				ADAA27C2231BBFB300365194 /* Debug */,
				ADAA27C3231BBFB300365194 /* Release */,
			);
			defaultConfigurationIsVisible = 0;
			defaultConfigurationName = Release;
		};
/* End XCConfigurationList section */
	};
	rootObject = ADAA27A5231BBFAF00365194 /* Project object */;
}
